
Microsoft Visual Studio Solution File, Format Version 12.00
# Visual Studio Version 17
VisualStudioVersion = 17.1.32421.90
MinimumVisualStudioVersion = 10.0.40219.1
Project("{FAE04EC0-301F-11D3-BF4B-00C04F79EFBC}") = "Udemy_WebAPi", "Udemy_WebAPi\Udemy_WebAPi.csproj", "{B74B9871-1C09-4ED8-87C2-71C88676BD66}"
EndProject
Global
	GlobalSection(SolutionConfigurationPlatforms) = preSolution
		Debug|Any CPU = Debug|Any CPU
		Release|Any CPU = Release|Any CPU
	EndGlobalSection
	GlobalSection(ProjectConfigurationPlatforms) = postSolution
		{B74B9871-1C09-4ED8-87C2-71C88676BD66}.Debug|Any CPU.ActiveCfg = Debug|Any CPU
		{B74B9871-1C09-4ED8-87C2-71C88676BD66}.Debug|Any CPU.Build.0 = Debug|Any CPU
		{B74B9871-1C09-4ED8-87C2-71C88676BD66}.Release|Any CPU.ActiveCfg = Release|Any CPU
		{B74B9871-1C09-4ED8-87C2-71C88676BD66}.Release|Any CPU.Build.0 = Release|Any CPU
	EndGlobalSection
	GlobalSection(SolutionProperties) = preSolution
		HideSolutionNode = FALSE
	EndGlobalSection
	GlobalSection(ExtensibilityGlobals) = postSolution
		SolutionGuid = {08AE9025-0E34-4905-84BC-387688698912}
	EndGlobalSection
EndGlobal
